Microsoft Visual Studio Solution File, Format Version 11.00
# Visual Studio 2008

Project("{1917100D-2DD4-A944-342E-687B96F0D86D}") = "LeapMotionTouchControls", "Assembly-CSharp.csproj", "{B51E1096-17AA-DCCA-F677-D6591DF7AF07}"
EndProject
Project("{1917100D-2DD4-A944-342E-687B96F0D86D}") = "LeapMotionTouchControls", "Assembly-CSharp-Editor.csproj", "{7E66D9ED-7335-3DE3-DD39-A5212489A603}"
EndProject
Global
	GlobalSection(SolutionConfigurationPlatforms) = preSolution
		Debug|Any CPU = Debug|Any CPU
		Release|Any CPU = Release|Any CPU
	EndGlobalSection
	GlobalSection(ProjectConfigurationPlatforms) = postSolution
		{B51E1096-17AA-DCCA-F677-D6591DF7AF07}.Debug|Any CPU.ActiveCfg = Debug|Any CPU
		{B51E1096-17AA-DCCA-F677-D6591DF7AF07}.Debug|Any CPU.Build.0 = Debug|Any CPU
		{B51E1096-17AA-DCCA-F677-D6591DF7AF07}.Release|Any CPU.ActiveCfg = Release|Any CPU
		{B51E1096-17AA-DCCA-F677-D6591DF7AF07}.Release|Any CPU.Build.0 = Release|Any CPU
		{7E66D9ED-7335-3DE3-DD39-A5212489A603}.Debug|Any CPU.ActiveCfg = Debug|Any CPU
		{7E66D9ED-7335-3DE3-DD39-A5212489A603}.Debug|Any CPU.Build.0 = Debug|Any CPU
		{7E66D9ED-7335-3DE3-DD39-A5212489A603}.Release|Any CPU.ActiveCfg = Release|Any CPU
		{7E66D9ED-7335-3DE3-DD39-A5212489A603}.Release|Any CPU.Build.0 = Release|Any CPU
	EndGlobalSection
	GlobalSection(SolutionProperties) = preSolution
		HideSolutionNode = FALSE
	EndGlobalSection
	GlobalSection(MonoDevelopProperties) = preSolution
		StartupItem = Assembly-CSharp.csproj
	EndGlobalSection
EndGlobal
